PODS:
  - Alamofire (3.3.0)
  - APIKit (1.3.0):
    - Result (~> 2.0.0)
  - Cent (5.0.0):
    - Dollar (~> 5.0.0)
  - DGElasticPullToRefresh (1.0.3)
  - Dollar (5.0.0)
  - DynamicColor (2.4.0)
  - DZNEmptyDataSet (1.7.3)
  - Font-Awesome-Swift (1.4.6)
  - Himotoki (1.7.0)
  - IQKeyboardManagerSwift (4.0.1)
  - KeychainAccess (2.3.4)
  - Kingfisher (2.2.0)
  - NSDate+TimeAgo (1.0.6)
  - OAuthSwift (0.5.2)
  - Result (2.0.0)
  - SCLAlertView (0.5.2)
  - SDCAlertView (5.0)
  - Siren (0.6.7)
  - SVProgressHUD (2.0)
  - SwiftDate (3.0.8)
  - SwiftyUserDefaults (2.1.3)
  - UITextView+Placeholder (1.2.0)
  - VTAcknowledgementsViewController (0.17)
  - XCGLogger (3.2)

DEPENDENCIES:
  - Alamofire
  - APIKit (~> 1.3.0)
  - Cent
  - DGElasticPullToRefresh
  - Dollar
  - DynamicColor (~> 2.4.0)
  - DZNEmptyDataSet
  - Font-Awesome-Swift
  - Himotoki (~> 1.7)
  - IQKeyboardManagerSwift
  - KeychainAccess
  - Kingfisher (~> 2.2)
  - NSDate+TimeAgo
  - OAuthSwift (~> 0.5.0)
  - SCLAlertView
  - SDCAlertView (~> 5.0)
  - Siren
  - SVProgressHUD
  - SwiftDate
  - SwiftyUserDefaults
  - UITextView+Placeholder (~> 1.2)
  - VTAcknowledgementsViewController
  - XCGLogger (~> 3.2)

SPEC CHECKSUMS:
  Alamofire: 9054db4a1b1ca9e363223183e01cea380159a27c
  APIKit: 14c0233ad090ae2dcfc9f642bc8158ff7ad50a4b
  Cent: 4bfbe6037d911c0491425ae1ff8057404050fbb2
  DGElasticPullToRefresh: 040f39ae69840b3261d163fe6735c5901bf851e9
  Dollar: 310893dd6b3799b9b155e3deb61a0492987e4d03
  DynamicColor: 2f3fd61053684667bad9f03045dcf9a2a5a007ea
  DZNEmptyDataSet: dd7cca17c1d07dfa78956859b1e70a52505678ef
  Font-Awesome-Swift: a965c23e619514be65de9b113f49038ca683c1bb
  Himotoki: a97b4a5861d6d25fc0746f0e19164eef03c19347
  IQKeyboardManagerSwift: e92246955e21dad73ad9dc89b80adb134d8bb395
  KeychainAccess: 3a21b6944b4f2a22653f091d770cf10374961a94
  Kingfisher: 350869ed88d6451803b390475d977abdd9f0a357
  NSDate+TimeAgo: 35601c619b2d59290055e4fe76e61d97677a2360
  OAuthSwift: 1ef042d4362e755e24a78f158d817245641a5d24
  Result: 9e75e1111c774c6ac594e14907b15057053a7959
  SCLAlertView: 66873759027a98f891b6ba9042d75db9082abca2
  SDCAlertView: e552dd803a1ea47ffda9f718b046e307cfd6b82a
  Siren: 6d1c751d3ae4f1abcfeff17c77ee6576da8f09e1
  SVProgressHUD: e9e7c893686a20da55a28015ed384d9425e15479
  SwiftDate: 971f8b9394f664f2226b9c3ab64e801a7291c612
  SwiftyUserDefaults: bd394a09247e3f00e17e402aa535c047c5d12b07
  UITextView+Placeholder: 77680995fcdd07c3f52ec92fe1150874a2ac89ff
  VTAcknowledgementsViewController: 6056f5f5e5ed995bbf0581bed6ddd29355ca9a80
  XCGLogger: da1f341f4bb8979db6e1df64232f04d9698402d4

COCOAPODS: 0.39.0
