// !$*UTF8*$!
{
	archiveVersion = 1;
	classes = {
	};
	objectVersion = 46;
	objects = {

/* Begin PBXBuildFile section */
		3C9FB46EDC0CFA89CFE4349D /* Pods_pi_chan.framework in Frameworks */ = {isa = PBXBuildFile; fileRef = F735B90EC8B554F8EB36E76B /* Pods_pi_chan.framework */; };
		E30B0E631CCBBE490088D43A /* Authorization.swift in Sources */ = {isa = PBXBuildFile; fileRef = E30B0E621CCBBE490088D43A /* Authorization.swift */; };
		E30B0E651CCBBF2F0088D43A /* Authorization.sample.swift in Sources */ = {isa = PBXBuildFile; fileRef = E30B0E641CCBBF2F0088D43A /* Authorization.sample.swift */; };
		E328ADC01CF5C9940080B354 /* DELETE_Posts.swift in Sources */ = {isa = PBXBuildFile; fileRef = E328ADBF1CF5C9940080B354 /* DELETE_Posts.swift */; };
		E328ADC21CF5D9730080B354 /* UIImage+Extension.swift in Sources */ = {isa = PBXBuildFile; fileRef = E328ADC11CF5D9730080B354 /* UIImage+Extension.swift */; };
		E328ADC41CF5F6BF0080B354 /* Delete.swift in Sources */ = {isa = PBXBuildFile; fileRef = E328ADC31CF5F6BF0080B354 /* Delete.swift */; };
		E33412BA1CB4074D00F455BE /* UIColor+DynamicColor+Extension.swift in Sources */ = {isa = PBXBuildFile; fileRef = E33412B91CB4074D00F455BE /* UIColor+DynamicColor+Extension.swift */; };
		E33412BC1CB40CF500F455BE /* View.swift in Sources */ = {isa = PBXBuildFile; fileRef = E33412BB1CB40CF500F455BE /* View.swift */; };
		E33412C01CB4288500F455BE /* PostTableViewCell.swift in Sources */ = {isa = PBXBuildFile; fileRef = E33412BE1CB4288500F455BE /* PostTableViewCell.swift */; };
		E33412C11CB4288500F455BE /* PostTableViewCell.xib in Resources */ = {isa = PBXBuildFile; fileRef = E33412BF1CB4288500F455BE /* PostTableViewCell.xib */; };
		E33412C51CB8B5E000F455BE /* UIScrollView+Extension.swift in Sources */ = {isa = PBXBuildFile; fileRef = E33412C41CB8B5E000F455BE /* UIScrollView+Extension.swift */; };
		E33599471CA7E373001A3C8D /* Logger.swift in Sources */ = {isa = PBXBuildFile; fileRef = E33599461CA7E373001A3C8D /* Logger.swift */; };
		E335994A1CA7E5DA001A3C8D /* Posts.storyboard in Resources */ = {isa = PBXBuildFile; fileRef = E33599481CA7E5DA001A3C8D /* Posts.storyboard */; };
		E335994B1CA7E5DA001A3C8D /* PostsViewController.swift in Sources */ = {isa = PBXBuildFile; fileRef = E33599491CA7E5DA001A3C8D /* PostsViewController.swift */; };
		E33599551CA80325001A3C8D /* MembersViewController.swift in Sources */ = {isa = PBXBuildFile; fileRef = E33599541CA80325001A3C8D /* MembersViewController.swift */; };
		E33599571CA80331001A3C8D /* Members.storyboard in Resources */ = {isa = PBXBuildFile; fileRef = E33599561CA80331001A3C8D /* Members.storyboard */; };
		E33599591CA80385001A3C8D /* Settings.storyboard in Resources */ = {isa = PBXBuildFile; fileRef = E33599581CA80385001A3C8D /* Settings.storyboard */; };
		E335995B1CA80392001A3C8D /* SettingsViewController.swift in Sources */ = {isa = PBXBuildFile; fileRef = E335995A1CA80392001A3C8D /* SettingsViewController.swift */; };
		E335995E1CA80EDF001A3C8D /* MainTabBarController.swift in Sources */ = {isa = PBXBuildFile; fileRef = E335995D1CA80EDF001A3C8D /* MainTabBarController.swift */; };
		E33599661CA8329F001A3C8D /* Authorization.storyboard in Resources */ = {isa = PBXBuildFile; fileRef = E33599651CA8329F001A3C8D /* Authorization.storyboard */; };
		E33599681CA832D4001A3C8D /* AuthorazationViewController.swift in Sources */ = {isa = PBXBuildFile; fileRef = E33599671CA832D4001A3C8D /* AuthorazationViewController.swift */; };
		E335996A1CA83680001A3C8D /* UpdateChecker.swift in Sources */ = {isa = PBXBuildFile; fileRef = E33599691CA83680001A3C8D /* UpdateChecker.swift */; };
		E335996C1CA9A681001A3C8D /* KeychainManager.swift in Sources */ = {isa = PBXBuildFile; fileRef = E335996B1CA9A681001A3C8D /* KeychainManager.swift */; };
		E33599701CAAF218001A3C8D /* GET_Teams.swift in Sources */ = {isa = PBXBuildFile; fileRef = E335996F1CAAF218001A3C8D /* GET_Teams.swift */; };
		E33599721CB030CC001A3C8D /* GET_Team.swift in Sources */ = {isa = PBXBuildFile; fileRef = E33599711CB030CC001A3C8D /* GET_Team.swift */; };
		E33599741CB15E48001A3C8D /* Decodable+Extension.swift in Sources */ = {isa = PBXBuildFile; fileRef = E33599731CB15E48001A3C8D /* Decodable+Extension.swift */; };
		E33599761CB2B706001A3C8D /* GET_Posts.swift in Sources */ = {isa = PBXBuildFile; fileRef = E33599751CB2B706001A3C8D /* GET_Posts.swift */; };
		E33599781CB2C148001A3C8D /* GET_Post.swift in Sources */ = {isa = PBXBuildFile; fileRef = E33599771CB2C148001A3C8D /* GET_Post.swift */; };
		E335997A1CB2C956001A3C8D /* Post.swift in Sources */ = {isa = PBXBuildFile; fileRef = E33599791CB2C956001A3C8D /* Post.swift */; };
		E335997C1CB2CA75001A3C8D /* Teams.swift in Sources */ = {isa = PBXBuildFile; fileRef = E335997B1CB2CA75001A3C8D /* Teams.swift */; };
		E335997E1CB2CC23001A3C8D /* CreatedBy.swift in Sources */ = {isa = PBXBuildFile; fileRef = E335997D1CB2CC23001A3C8D /* CreatedBy.swift */; };
		E33599801CB2CC2E001A3C8D /* UpdatedBy.swift in Sources */ = {isa = PBXBuildFile; fileRef = E335997F1CB2CC2E001A3C8D /* UpdatedBy.swift */; };
		E33599821CB2D2D0001A3C8D /* Posts.swift in Sources */ = {isa = PBXBuildFile; fileRef = E33599811CB2D2D0001A3C8D /* Posts.swift */; };
		E35181171CC39FB2008B141D /* SettingTableViewCell.swift in Sources */ = {isa = PBXBuildFile; fileRef = E35181151CC39FB2008B141D /* SettingTableViewCell.swift */; };
		E35181181CC39FB2008B141D /* SettingTableViewCell.xib in Resources */ = {isa = PBXBuildFile; fileRef = E35181161CC39FB2008B141D /* SettingTableViewCell.xib */; };
		E351811A1CC3A8DD008B141D /* CellConfigrations.swift in Sources */ = {isa = PBXBuildFile; fileRef = E35181191CC3A8DD008B141D /* CellConfigrations.swift */; };
		E35460871CBE97EF00BE7952 /* md.html in Resources */ = {isa = PBXBuildFile; fileRef = E35460861CBE97EF00BE7952 /* md.html */; };
		E354608B1CBEC1DD00BE7952 /* marked.js in Resources */ = {isa = PBXBuildFile; fileRef = E35460891CBEC1DD00BE7952 /* marked.js */; };
		E354608C1CBEC1DD00BE7952 /* github-markdown.css in Resources */ = {isa = PBXBuildFile; fileRef = E354608A1CBEC1DD00BE7952 /* github-markdown.css */; };
		E37402C91CBD445D00E4659B /* PreviewViewController.swift in Sources */ = {isa = PBXBuildFile; fileRef = E37402C81CBD445D00E4659B /* PreviewViewController.swift */; };
		E37402CB1CBD446A00E4659B /* Preview.storyboard in Resources */ = {isa = PBXBuildFile; fileRef = E37402CA1CBD446A00E4659B /* Preview.storyboard */; };
		E38A0F6A1CA7D95200ED99B6 /* Team.swift in Sources */ = {isa = PBXBuildFile; fileRef = E38A0F691CA7D95200ED99B6 /* Team.swift */; };
		E38A0F6C1CA7DDF900ED99B6 /* Esa.swift in Sources */ = {isa = PBXBuildFile; fileRef = E38A0F6B1CA7DDF900ED99B6 /* Esa.swift */; };
		E38A0F6E1CA7DE6700ED99B6 /* Storyboard+Extension.swift in Sources */ = {isa = PBXBuildFile; fileRef = E38A0F6D1CA7DE6700ED99B6 /* Storyboard+Extension.swift */; };
		E3A9A8F81CBA222D0031FBAE /* Lato-Regular.ttf in Resources */ = {isa = PBXBuildFile; fileRef = E3A9A8F71CBA222D0031FBAE /* Lato-Regular.ttf */; };
		E3AA87BF1CCCD46700195E69 /* Profile.storyboard in Resources */ = {isa = PBXBuildFile; fileRef = E3AA87BE1CCCD46700195E69 /* Profile.storyboard */; };
		E3AA87C11CCCD4A700195E69 /* ProfileViewController.swift in Sources */ = {isa = PBXBuildFile; fileRef = E3AA87C01CCCD4A700195E69 /* ProfileViewController.swift */; };
		E3C638E01CD129CB000C5CC9 /* GET_User.swift in Sources */ = {isa = PBXBuildFile; fileRef = E3C638DF1CD129CB000C5CC9 /* GET_User.swift */; };
		E3C638E21CD129F2000C5CC9 /* User.swift in Sources */ = {isa = PBXBuildFile; fileRef = E3C638E11CD129F2000C5CC9 /* User.swift */; };
		E3CDD42D1CF2B89400820704 /* emojify.min.css in Resources */ = {isa = PBXBuildFile; fileRef = E3CDD42B1CF2B89400820704 /* emojify.min.css */; };
		E3CDD42E1CF2B89400820704 /* emojify.min.js in Resources */ = {isa = PBXBuildFile; fileRef = E3CDD42C1CF2B89400820704 /* emojify.min.js */; };
		E3D0C1571CBFD880006A48EA /* EditorViewController.swift in Sources */ = {isa = PBXBuildFile; fileRef = E3D0C1561CBFD880006A48EA /* EditorViewController.swift */; };
		E3D0C1591CBFD891006A48EA /* Editor.storyboard in Resources */ = {isa = PBXBuildFile; fileRef = E3D0C1581CBFD891006A48EA /* Editor.storyboard */; };
		E3D0C15D1CBFDE98006A48EA /* Window.swift in Sources */ = {isa = PBXBuildFile; fileRef = E3D0C15C1CBFDE98006A48EA /* Window.swift */; };
		E3D0C15F1CC1114E006A48EA /* SharingUrls.swift in Sources */ = {isa = PBXBuildFile; fileRef = E3D0C15E1CC1114E006A48EA /* SharingUrls.swift */; };
		E3D0C1611CC1186D006A48EA /* POST_Posts.swift in Sources */ = {isa = PBXBuildFile; fileRef = E3D0C1601CC1186D006A48EA /* POST_Posts.swift */; };
		E3D0C1631CC12900006A48EA /* PATCH_Posts.swift in Sources */ = {isa = PBXBuildFile; fileRef = E3D0C1621CC12900006A48EA /* PATCH_Posts.swift */; };
		E3D0C1651CC14F17006A48EA /* PostsParameters.swift in Sources */ = {isa = PBXBuildFile; fileRef = E3D0C1641CC14F17006A48EA /* PostsParameters.swift */; };
		E3D0C1671CC236D4006A48EA /* String+Extension.swift in Sources */ = {isa = PBXBuildFile; fileRef = E3D0C1661CC236D4006A48EA /* String+Extension.swift */; };
		E3D0C16B1CC35959006A48EA /* GET_Members.swift in Sources */ = {isa = PBXBuildFile; fileRef = E3D0C16A1CC35959006A48EA /* GET_Members.swift */; };
		E3D0C16D1CC359AB006A48EA /* Members.swift in Sources */ = {isa = PBXBuildFile; fileRef = E3D0C16C1CC359AB006A48EA /* Members.swift */; };
		E3D0C16F1CC359B1006A48EA /* Member.swift in Sources */ = {isa = PBXBuildFile; fileRef = E3D0C16E1CC359B1006A48EA /* Member.swift */; };
		E3D0C1731CC362B5006A48EA /* MemberTableViewCell.swift in Sources */ = {isa = PBXBuildFile; fileRef = E3D0C1711CC362B5006A48EA /* MemberTableViewCell.swift */; };
		E3D0C1741CC362B5006A48EA /* MemberTableViewCell.xib in Resources */ = {isa = PBXBuildFile; fileRef = E3D0C1721CC362B5006A48EA /* MemberTableViewCell.xib */; };
		E3D0C1761CC3657B006A48EA /* UIImageView+Extension.swift in Sources */ = {isa = PBXBuildFile; fileRef = E3D0C1751CC3657B006A48EA /* UIImageView+Extension.swift */; };
		E3D166811CD6166F0062480C /* POST_Revoke.swift in Sources */ = {isa = PBXBuildFile; fileRef = E3D166801CD6166F0062480C /* POST_Revoke.swift */; };
		E3D166831CD616BC0062480C /* Revoke.swift in Sources */ = {isa = PBXBuildFile; fileRef = E3D166821CD616BC0062480C /* Revoke.swift */; };
		E3D166851CD7CB1E0062480C /* Share.swift in Sources */ = {isa = PBXBuildFile; fileRef = E3D166841CD7CB1E0062480C /* Share.swift */; };
		E3D166871CD7CBCF0062480C /* Constants.swift in Sources */ = {isa = PBXBuildFile; fileRef = E3D166861CD7CBCF0062480C /* Constants.swift */; };
		E3D166941CD9C8500062480C /* Pods-acknowledgements.plist in Resources */ = {isa = PBXBuildFile; fileRef = E3D166931CD9C8500062480C /* Pods-acknowledgements.plist */; };
		E3D166961CD9DA320062480C /* JLToast+Extension.swift in Sources */ = {isa = PBXBuildFile; fileRef = E3D166951CD9DA320062480C /* JLToast+Extension.swift */; };
		E3D166981CD9E0B20062480C /* ErrorHandler.swift in Sources */ = {isa = PBXBuildFile; fileRef = E3D166971CD9E0B20062480C /* ErrorHandler.swift */; };
		E3D1669A1CD9FE1A0062480C /* Crashlytics+Extension.swift in Sources */ = {isa = PBXBuildFile; fileRef = E3D166991CD9FE1A0062480C /* Crashlytics+Extension.swift */; };
		E3D1669C1CDA20370062480C /* Global.swift in Sources */ = {isa = PBXBuildFile; fileRef = E3D1669B1CDA20370062480C /* Global.swift */; };
		E3D9A5A71CA7D29B00B43F37 /* AppDelegate.swift in Sources */ = {isa = PBXBuildFile; fileRef = E3D9A5A61CA7D29B00B43F37 /* AppDelegate.swift */; };
		E3D9A5AC1CA7D29B00B43F37 /* Main.storyboard in Resources */ = {isa = PBXBuildFile; fileRef = E3D9A5AA1CA7D29B00B43F37 /* Main.storyboard */; };
		E3D9A5AE1CA7D29B00B43F37 /* Assets.xcassets in Resources */ = {isa = PBXBuildFile; fileRef = E3D9A5AD1CA7D29B00B43F37 /* Assets.xcassets */; };
		E3D9A5B11CA7D29B00B43F37 /* LaunchScreen.storyboard in Resources */ = {isa = PBXBuildFile; fileRef = E3D9A5AF1CA7D29B00B43F37 /* LaunchScreen.storyboard */; };
		E3D9A5BC1CA7D29B00B43F37 /* pi_chanTests.swift in Sources */ = {isa = PBXBuildFile; fileRef = E3D9A5BB1CA7D29B00B43F37 /* pi_chanTests.swift */; };
		E3D9A5C71CA7D29B00B43F37 /* pi_chanUITests.swift in Sources */ = {isa = PBXBuildFile; fileRef = E3D9A5C61CA7D29B00B43F37 /* pi_chanUITests.swift */; };
/* End PBXBuildFile section */

/* Begin PBXContainerItemProxy section */
		E3D9A5B81CA7D29B00B43F37 /* PBXContainerItemProxy */ = {
			isa = PBXContainerItemProxy;
			containerPortal = E3D9A59B1CA7D29A00B43F37 /* Project object */;
			proxyType = 1;
			remoteGlobalIDString = E3D9A5A21CA7D29A00B43F37;
			remoteInfo = "pi-chan";
		};
		E3D9A5C31CA7D29B00B43F37 /* PBXContainerItemProxy */ = {
			isa = PBXContainerItemProxy;
			containerPortal = E3D9A59B1CA7D29A00B43F37 /* Project object */;
			proxyType = 1;
			remoteGlobalIDString = E3D9A5A21CA7D29A00B43F37;
			remoteInfo = "pi-chan";
		};
/* End PBXContainerItemProxy section */

/* Begin PBXFileReference section */
		65469B0622BBDBBE099147FC /* Pods-pi-chan.release.xcconfig */ = {isa = PBXFileReference; includeInIndex = 1; lastKnownFileType = text.xcconfig; name = "Pods-pi-chan.release.xcconfig"; path = "Pods/Target Support Files/Pods-pi-chan/Pods-pi-chan.release.xcconfig"; sourceTree = "<group>"; };
		D42D9F7198932C8E74FC4FDD /* Pods-pi-chan.debug.xcconfig */ = {isa = PBXFileReference; includeInIndex = 1; lastKnownFileType = text.xcconfig; name = "Pods-pi-chan.debug.xcconfig"; path = "Pods/Target Support Files/Pods-pi-chan/Pods-pi-chan.debug.xcconfig"; sourceTree = "<group>"; };
		E30B0E621CCBBE490088D43A /* Authorization.swift */ = {isa = PBXFileReference; fileEncoding = 4; lastKnownFileType = sourcecode.swift; path = Authorization.swift; sourceTree = "<group>"; };
		E30B0E641CCBBF2F0088D43A /* Authorization.sample.swift */ = {isa = PBXFileReference; fileEncoding = 4; lastKnownFileType = sourcecode.swift; path = Authorization.sample.swift; sourceTree = "<group>"; };
		E328ADBF1CF5C9940080B354 /* DELETE_Posts.swift */ = {isa = PBXFileReference; fileEncoding = 4; lastKnownFileType = sourcecode.swift; path = DELETE_Posts.swift; sourceTree = "<group>"; };
		E328ADC11CF5D9730080B354 /* UIImage+Extension.swift */ = {isa = PBXFileReference; fileEncoding = 4; lastKnownFileType = sourcecode.swift; path = "UIImage+Extension.swift"; sourceTree = "<group>"; };
		E328ADC31CF5F6BF0080B354 /* Delete.swift */ = {isa = PBXFileReference; fileEncoding = 4; lastKnownFileType = sourcecode.swift; path = Delete.swift; sourceTree = "<group>"; };
		E33412B91CB4074D00F455BE /* UIColor+DynamicColor+Extension.swift */ = {isa = PBXFileReference; fileEncoding = 4; lastKnownFileType = sourcecode.swift; path = "UIColor+DynamicColor+Extension.swift"; sourceTree = "<group>"; };
		E33412BB1CB40CF500F455BE /* View.swift */ = {isa = PBXFileReference; fileEncoding = 4; lastKnownFileType = sourcecode.swift; path = View.swift; sourceTree = "<group>"; };
		E33412BE1CB4288500F455BE /* PostTableViewCell.swift */ = {isa = PBXFileReference; fileEncoding = 4; lastKnownFileType = sourcecode.swift; path = PostTableViewCell.swift; sourceTree = "<group>"; };
		E33412BF1CB4288500F455BE /* PostTableViewCell.xib */ = {isa = PBXFileReference; fileEncoding = 4; lastKnownFileType = file.xib; path = PostTableViewCell.xib; sourceTree = "<group>"; };
		E33412C41CB8B5E000F455BE /* UIScrollView+Extension.swift */ = {isa = PBXFileReference; fileEncoding = 4; lastKnownFileType = sourcecode.swift; path = "UIScrollView+Extension.swift"; sourceTree = "<group>"; };
		E33599461CA7E373001A3C8D /* Logger.swift */ = {isa = PBXFileReference; fileEncoding = 4; lastKnownFileType = sourcecode.swift; path = Logger.swift; sourceTree = "<group>"; };
		E33599481CA7E5DA001A3C8D /* Posts.storyboard */ = {isa = PBXFileReference; fileEncoding = 4; lastKnownFileType = file.storyboard; path = Posts.storyboard; sourceTree = "<group>"; };
		E33599491CA7E5DA001A3C8D /* PostsViewController.swift */ = {isa = PBXFileReference; fileEncoding = 4; lastKnownFileType = sourcecode.swift; path = PostsViewController.swift; sourceTree = "<group>"; };
		E33599541CA80325001A3C8D /* MembersViewController.swift */ = {isa = PBXFileReference; fileEncoding = 4; lastKnownFileType = sourcecode.swift; path = MembersViewController.swift; sourceTree = "<group>"; };
		E33599561CA80331001A3C8D /* Members.storyboard */ = {isa = PBXFileReference; fileEncoding = 4; lastKnownFileType = file.storyboard; path = Members.storyboard; sourceTree = "<group>"; };
		E33599581CA80385001A3C8D /* Settings.storyboard */ = {isa = PBXFileReference; fileEncoding = 4; lastKnownFileType = file.storyboard; path = Settings.storyboard; sourceTree = "<group>"; };
		E335995A1CA80392001A3C8D /* SettingsViewController.swift */ = {isa = PBXFileReference; fileEncoding = 4; lastKnownFileType = sourcecode.swift; path = SettingsViewController.swift; sourceTree = "<group>"; };
		E335995D1CA80EDF001A3C8D /* MainTabBarController.swift */ = {isa = PBXFileReference; fileEncoding = 4; lastKnownFileType = sourcecode.swift; path = MainTabBarController.swift; sourceTree = "<group>"; };
		E33599651CA8329F001A3C8D /* Authorization.storyboard */ = {isa = PBXFileReference; fileEncoding = 4; lastKnownFileType = file.storyboard; path = Authorization.storyboard; sourceTree = "<group>"; };
		E33599671CA832D4001A3C8D /* AuthorazationViewController.swift */ = {isa = PBXFileReference; fileEncoding = 4; lastKnownFileType = sourcecode.swift; path = AuthorazationViewController.swift; sourceTree = "<group>"; };
		E33599691CA83680001A3C8D /* UpdateChecker.swift */ = {isa = PBXFileReference; fileEncoding = 4; lastKnownFileType = sourcecode.swift; path = UpdateChecker.swift; sourceTree = "<group>"; };
		E335996B1CA9A681001A3C8D /* KeychainManager.swift */ = {isa = PBXFileReference; fileEncoding = 4; lastKnownFileType = sourcecode.swift; path = KeychainManager.swift; sourceTree = "<group>"; };
		E335996F1CAAF218001A3C8D /* GET_Teams.swift */ = {isa = PBXFileReference; fileEncoding = 4; lastKnownFileType = sourcecode.swift; path = GET_Teams.swift; sourceTree = "<group>"; };
		E33599711CB030CC001A3C8D /* GET_Team.swift */ = {isa = PBXFileReference; fileEncoding = 4; lastKnownFileType = sourcecode.swift; path = GET_Team.swift; sourceTree = "<group>"; };
		E33599731CB15E48001A3C8D /* Decodable+Extension.swift */ = {isa = PBXFileReference; fileEncoding = 4; lastKnownFileType = sourcecode.swift; path = "Decodable+Extension.swift"; sourceTree = "<group>"; };
		E33599751CB2B706001A3C8D /* GET_Posts.swift */ = {isa = PBXFileReference; fileEncoding = 4; lastKnownFileType = sourcecode.swift; path = GET_Posts.swift; sourceTree = "<group>"; };
		E33599771CB2C148001A3C8D /* GET_Post.swift */ = {isa = PBXFileReference; fileEncoding = 4; lastKnownFileType = sourcecode.swift; path = GET_Post.swift; sourceTree = "<group>"; };
		E33599791CB2C956001A3C8D /* Post.swift */ = {isa = PBXFileReference; fileEncoding = 4; lastKnownFileType = sourcecode.swift; path = Post.swift; sourceTree = "<group>"; };
		E335997B1CB2CA75001A3C8D /* Teams.swift */ = {isa = PBXFileReference; fileEncoding = 4; lastKnownFileType = sourcecode.swift; path = Teams.swift; sourceTree = "<group>"; };
		E335997D1CB2CC23001A3C8D /* CreatedBy.swift */ = {isa = PBXFileReference; fileEncoding = 4; lastKnownFileType = sourcecode.swift; path = CreatedBy.swift; sourceTree = "<group>"; };
		E335997F1CB2CC2E001A3C8D /* UpdatedBy.swift */ = {isa = PBXFileReference; fileEncoding = 4; lastKnownFileType = sourcecode.swift; path = UpdatedBy.swift; sourceTree = "<group>"; };
		E33599811CB2D2D0001A3C8D /* Posts.swift */ = {isa = PBXFileReference; fileEncoding = 4; lastKnownFileType = sourcecode.swift; path = Posts.swift; sourceTree = "<group>"; };
		E35181151CC39FB2008B141D /* SettingTableViewCell.swift */ = {isa = PBXFileReference; fileEncoding = 4; lastKnownFileType = sourcecode.swift; path = SettingTableViewCell.swift; sourceTree = "<group>"; };
		E35181161CC39FB2008B141D /* SettingTableViewCell.xib */ = {isa = PBXFileReference; fileEncoding = 4; lastKnownFileType = file.xib; path = SettingTableViewCell.xib; sourceTree = "<group>"; };
		E35181191CC3A8DD008B141D /* CellConfigrations.swift */ = {isa = PBXFileReference; fileEncoding = 4; lastKnownFileType = sourcecode.swift; path = CellConfigrations.swift; sourceTree = "<group>"; };
		E35460861CBE97EF00BE7952 /* md.html */ = {isa = PBXFileReference; fileEncoding = 4; lastKnownFileType = text.html; path = md.html; sourceTree = "<group>"; };
		E35460891CBEC1DD00BE7952 /* marked.js */ = {isa = PBXFileReference; fileEncoding = 4; lastKnownFileType = sourcecode.javascript; path = marked.js; sourceTree = "<group>"; };
		E354608A1CBEC1DD00BE7952 /* github-markdown.css */ = {isa = PBXFileReference; fileEncoding = 4; lastKnownFileType = text.css; path = "github-markdown.css"; sourceTree = "<group>"; };
		E37402C81CBD445D00E4659B /* PreviewViewController.swift */ = {isa = PBXFileReference; fileEncoding = 4; lastKnownFileType = sourcecode.swift; path = PreviewViewController.swift; sourceTree = "<group>"; };
		E37402CA1CBD446A00E4659B /* Preview.storyboard */ = {isa = PBXFileReference; fileEncoding = 4; lastKnownFileType = file.storyboard; path = Preview.storyboard; sourceTree = "<group>"; };
		E38A0F691CA7D95200ED99B6 /* Team.swift */ = {isa = PBXFileReference; fileEncoding = 4; lastKnownFileType = sourcecode.swift; path = Team.swift; sourceTree = "<group>"; };
		E38A0F6B1CA7DDF900ED99B6 /* Esa.swift */ = {isa = PBXFileReference; fileEncoding = 4; lastKnownFileType = sourcecode.swift; path = Esa.swift; sourceTree = "<group>"; };
		E38A0F6D1CA7DE6700ED99B6 /* Storyboard+Extension.swift */ = {isa = PBXFileReference; fileEncoding = 4; lastKnownFileType = sourcecode.swift; path = "Storyboard+Extension.swift"; sourceTree = "<group>"; };
		E3A9A8F71CBA222D0031FBAE /* Lato-Regular.ttf */ = {isa = PBXFileReference; lastKnownFileType = file; path = "Lato-Regular.ttf"; sourceTree = "<group>"; };
		E3AA87BE1CCCD46700195E69 /* Profile.storyboard */ = {isa = PBXFileReference; fileEncoding = 4; lastKnownFileType = file.storyboard; path = Profile.storyboard; sourceTree = "<group>"; };
		E3AA87C01CCCD4A700195E69 /* ProfileViewController.swift */ = {isa = PBXFileReference; fileEncoding = 4; lastKnownFileType = sourcecode.swift; path = ProfileViewController.swift; sourceTree = "<group>"; };
		E3C638DF1CD129CB000C5CC9 /* GET_User.swift */ = {isa = PBXFileReference; fileEncoding = 4; lastKnownFileType = sourcecode.swift; path = GET_User.swift; sourceTree = "<group>"; };
		E3C638E11CD129F2000C5CC9 /* User.swift */ = {isa = PBXFileReference; fileEncoding = 4; lastKnownFileType = sourcecode.swift; path = User.swift; sourceTree = "<group>"; };
		E3CDD42B1CF2B89400820704 /* emojify.min.css */ = {isa = PBXFileReference; fileEncoding = 4; lastKnownFileType = text.css; path = emojify.min.css; sourceTree = "<group>"; };
		E3CDD42C1CF2B89400820704 /* emojify.min.js */ = {isa = PBXFileReference; fileEncoding = 4; lastKnownFileType = sourcecode.javascript; path = emojify.min.js; sourceTree = "<group>"; };
		E3D0C1561CBFD880006A48EA /* EditorViewController.swift */ = {isa = PBXFileReference; fileEncoding = 4; lastKnownFileType = sourcecode.swift; path = EditorViewController.swift; sourceTree = "<group>"; };
		E3D0C1581CBFD891006A48EA /* Editor.storyboard */ = {isa = PBXFileReference; fileEncoding = 4; lastKnownFileType = file.storyboard; path = Editor.storyboard; sourceTree = "<group>"; };
		E3D0C15C1CBFDE98006A48EA /* Window.swift */ = {isa = PBXFileReference; fileEncoding = 4; lastKnownFileType = sourcecode.swift; path = Window.swift; sourceTree = "<group>"; };
		E3D0C15E1CC1114E006A48EA /* SharingUrls.swift */ = {isa = PBXFileReference; fileEncoding = 4; lastKnownFileType = sourcecode.swift; path = SharingUrls.swift; sourceTree = "<group>"; };
		E3D0C1601CC1186D006A48EA /* POST_Posts.swift */ = {isa = PBXFileReference; fileEncoding = 4; lastKnownFileType = sourcecode.swift; path = POST_Posts.swift; sourceTree = "<group>"; };
		E3D0C1621CC12900006A48EA /* PATCH_Posts.swift */ = {isa = PBXFileReference; fileEncoding = 4; lastKnownFileType = sourcecode.swift; path = PATCH_Posts.swift; sourceTree = "<group>"; };
		E3D0C1641CC14F17006A48EA /* PostsParameters.swift */ = {isa = PBXFileReference; fileEncoding = 4; lastKnownFileType = sourcecode.swift; path = PostsParameters.swift; sourceTree = "<group>"; };
		E3D0C1661CC236D4006A48EA /* String+Extension.swift */ = {isa = PBXFileReference; fileEncoding = 4; lastKnownFileType = sourcecode.swift; path = "String+Extension.swift"; sourceTree = "<group>"; };
		E3D0C16A1CC35959006A48EA /* GET_Members.swift */ = {isa = PBXFileReference; fileEncoding = 4; lastKnownFileType = sourcecode.swift; path = GET_Members.swift; sourceTree = "<group>"; };
		E3D0C16C1CC359AB006A48EA /* Members.swift */ = {isa = PBXFileReference; fileEncoding = 4; lastKnownFileType = sourcecode.swift; path = Members.swift; sourceTree = "<group>"; };
		E3D0C16E1CC359B1006A48EA /* Member.swift */ = {isa = PBXFileReference; fileEncoding = 4; lastKnownFileType = sourcecode.swift; path = Member.swift; sourceTree = "<group>"; };
		E3D0C1711CC362B5006A48EA /* MemberTableViewCell.swift */ = {isa = PBXFileReference; fileEncoding = 4; lastKnownFileType = sourcecode.swift; path = MemberTableViewCell.swift; sourceTree = "<group>"; };
		E3D0C1721CC362B5006A48EA /* MemberTableViewCell.xib */ = {isa = PBXFileReference; fileEncoding = 4; lastKnownFileType = file.xib; path = MemberTableViewCell.xib; sourceTree = "<group>"; };
		E3D0C1751CC3657B006A48EA /* UIImageView+Extension.swift */ = {isa = PBXFileReference; fileEncoding = 4; lastKnownFileType = sourcecode.swift; path = "UIImageView+Extension.swift"; sourceTree = "<group>"; };
		E3D166801CD6166F0062480C /* POST_Revoke.swift */ = {isa = PBXFileReference; fileEncoding = 4; lastKnownFileType = sourcecode.swift; path = POST_Revoke.swift; sourceTree = "<group>"; };
		E3D166821CD616BC0062480C /* Revoke.swift */ = {isa = PBXFileReference; fileEncoding = 4; lastKnownFileType = sourcecode.swift; path = Revoke.swift; sourceTree = "<group>"; };
		E3D166841CD7CB1E0062480C /* Share.swift */ = {isa = PBXFileReference; fileEncoding = 4; lastKnownFileType = sourcecode.swift; path = Share.swift; sourceTree = "<group>"; };
		E3D166861CD7CBCF0062480C /* Constants.swift */ = {isa = PBXFileReference; fileEncoding = 4; lastKnownFileType = sourcecode.swift; path = Constants.swift; sourceTree = "<group>"; };
		E3D166931CD9C8500062480C /* Pods-acknowledgements.plist */ = {isa = PBXFileReference; fileEncoding = 4; lastKnownFileType = text.plist.xml; path = "Pods-acknowledgements.plist"; sourceTree = "<group>"; };
		E3D166951CD9DA320062480C /* JLToast+Extension.swift */ = {isa = PBXFileReference; fileEncoding = 4; lastKnownFileType = sourcecode.swift; path = "JLToast+Extension.swift"; sourceTree = "<group>"; };
		E3D166971CD9E0B20062480C /* ErrorHandler.swift */ = {isa = PBXFileReference; fileEncoding = 4; lastKnownFileType = sourcecode.swift; path = ErrorHandler.swift; sourceTree = "<group>"; };
		E3D166991CD9FE1A0062480C /* Crashlytics+Extension.swift */ = {isa = PBXFileReference; fileEncoding = 4; lastKnownFileType = sourcecode.swift; path = "Crashlytics+Extension.swift"; sourceTree = "<group>"; };
		E3D1669B1CDA20370062480C /* Global.swift */ = {isa = PBXFileReference; fileEncoding = 4; lastKnownFileType = sourcecode.swift; path = Global.swift; sourceTree = "<group>"; };
		E3D9A5A31CA7D29A00B43F37 /* pi-chan.app */ = {isa = PBXFileReference; explicitFileType = wrapper.application; includeInIndex = 0; path = "pi-chan.app"; sourceTree = BUILT_PRODUCTS_DIR; };
		E3D9A5A61CA7D29B00B43F37 /* AppDelegate.swift */ = {isa = PBXFileReference; lastKnownFileType = sourcecode.swift; path = AppDelegate.swift; sourceTree = "<group>"; };
		E3D9A5AB1CA7D29B00B43F37 /* Base */ = {isa = PBXFileReference; lastKnownFileType = file.storyboard; name = Base; path = Base.lproj/Main.storyboard; sourceTree = "<group>"; };
		E3D9A5AD1CA7D29B00B43F37 /* Assets.xcassets */ = {isa = PBXFileReference; lastKnownFileType = folder.assetcatalog; path = Assets.xcassets; sourceTree = "<group>"; };
		E3D9A5B01CA7D29B00B43F37 /* Base */ = {isa = PBXFileReference; lastKnownFileType = file.storyboard; name = Base; path = Base.lproj/LaunchScreen.storyboard; sourceTree = "<group>"; };
		E3D9A5B21CA7D29B00B43F37 /* Info.plist */ = {isa = PBXFileReference; lastKnownFileType = text.plist.xml; path = Info.plist; sourceTree = "<group>"; };
		E3D9A5B71CA7D29B00B43F37 /* pi-chanTests.xctest */ = {isa = PBXFileReference; explicitFileType = wrapper.cfbundle; includeInIndex = 0; path = "pi-chanTests.xctest"; sourceTree = BUILT_PRODUCTS_DIR; };
		E3D9A5BB1CA7D29B00B43F37 /* pi_chanTests.swift */ = {isa = PBXFileReference; lastKnownFileType = sourcecode.swift; path = pi_chanTests.swift; sourceTree = "<group>"; };
		E3D9A5BD1CA7D29B00B43F37 /* Info.plist */ = {isa = PBXFileReference; lastKnownFileType = text.plist.xml; path = Info.plist; sourceTree = "<group>"; };
		E3D9A5C21CA7D29B00B43F37 /* pi-chanUITests.xctest */ = {isa = PBXFileReference; explicitFileType = wrapper.cfbundle; includeInIndex = 0; path = "pi-chanUITests.xctest"; sourceTree = BUILT_PRODUCTS_DIR; };
		E3D9A5C61CA7D29B00B43F37 /* pi_chanUITests.swift */ = {isa = PBXFileReference; lastKnownFileType = sourcecode.swift; path = pi_chanUITests.swift; sourceTree = "<group>"; };
		E3D9A5C81CA7D29B00B43F37 /* Info.plist */ = {isa = PBXFileReference; lastKnownFileType = text.plist.xml; path = Info.plist; sourceTree = "<group>"; };
		F735B90EC8B554F8EB36E76B /* Pods_pi_chan.framework */ = {isa = PBXFileReference; explicitFileType = wrapper.framework; includeInIndex = 0; path = Pods_pi_chan.framework; sourceTree = BUILT_PRODUCTS_DIR; };
/* End PBXFileReference section */

/* Begin PBXFrameworksBuildPhase section */
		E3D9A5A01CA7D29A00B43F37 /* Frameworks */ = {
			isa = PBXFrameworksBuildPhase;
			buildActionMask = 2147483647;
			files = (
				3C9FB46EDC0CFA89CFE4349D /* Pods_pi_chan.framework in Frameworks */,
			);
			runOnlyForDeploymentPostprocessing = 0;
		};
		E3D9A5B41CA7D29B00B43F37 /* Frameworks */ = {
			isa = PBXFrameworksBuildPhase;
			buildActionMask = 2147483647;
			files = (
			);
			runOnlyForDeploymentPostprocessing = 0;
		};
		E3D9A5BF1CA7D29B00B43F37 /* Frameworks */ = {
			isa = PBXFrameworksBuildPhase;
			buildActionMask = 2147483647;
			files = (
			);
			runOnlyForDeploymentPostprocessing = 0;
		};
/* End PBXFrameworksBuildPhase section */

/* Begin PBXGroup section */
		246B248D3EBDDD3821825230 /* Pods */ = {
			isa = PBXGroup;
			children = (
				D42D9F7198932C8E74FC4FDD /* Pods-pi-chan.debug.xcconfig */,
				65469B0622BBDBBE099147FC /* Pods-pi-chan.release.xcconfig */,
			);
			name = Pods;
			sourceTree = "<group>";
		};
		59FF84DB7AFB7CD5DB0B384F /* Frameworks */ = {
			isa = PBXGroup;
			children = (
				F735B90EC8B554F8EB36E76B /* Pods_pi_chan.framework */,
			);
			name = Frameworks;
			sourceTree = "<group>";
		};
		E33412BD1CB4283800F455BE /* Cell */ = {
			isa = PBXGroup;
			children = (
				E33412BE1CB4288500F455BE /* PostTableViewCell.swift */,
				E33412BF1CB4288500F455BE /* PostTableViewCell.xib */,
			);
			path = Cell;
			sourceTree = "<group>";
		};
		E33599451CA7E363001A3C8D /* Utils */ = {
			isa = PBXGroup;
			children = (
				E3D166971CD9E0B20062480C /* ErrorHandler.swift */,
				E3D1669B1CDA20370062480C /* Global.swift */,
				E335996B1CA9A681001A3C8D /* KeychainManager.swift */,
				E33599461CA7E373001A3C8D /* Logger.swift */,
				E3D166841CD7CB1E0062480C /* Share.swift */,
				E33599691CA83680001A3C8D /* UpdateChecker.swift */,
				E33412BB1CB40CF500F455BE /* View.swift */,
				E3D0C15C1CBFDE98006A48EA /* Window.swift */,
			);
			path = Utils;
			sourceTree = "<group>";
		};
		E335994C1CA8017D001A3C8D /* Posts */ = {
			isa = PBXGroup;
			children = (
				E33412BD1CB4283800F455BE /* Cell */,
				E33599481CA7E5DA001A3C8D /* Posts.storyboard */,
				E33599491CA7E5DA001A3C8D /* PostsViewController.swift */,
			);
			path = Posts;
			sourceTree = "<group>";
		};
		E335994D1CA80189001A3C8D /* Settings */ = {
			isa = PBXGroup;
			children = (
				E35181141CC38C54008B141D /* Cell */,
				E35181191CC3A8DD008B141D /* CellConfigrations.swift */,
				E33599581CA80385001A3C8D /* Settings.storyboard */,
				E335995A1CA80392001A3C8D /* SettingsViewController.swift */,
			);
			path = Settings;
			sourceTree = "<group>";
		};
		E335994E1CA801A1001A3C8D /* Members */ = {
			isa = PBXGroup;
			children = (
				E3D0C1701CC36259006A48EA /* Cell */,
				E33599561CA80331001A3C8D /* Members.storyboard */,
				E33599541CA80325001A3C8D /* MembersViewController.swift */,
			);
			path = Members;
			sourceTree = "<group>";
		};
		E335995C1CA80E9B001A3C8D /* MainTabbar */ = {
			isa = PBXGroup;
			children = (
				E3D9A5AA1CA7D29B00B43F37 /* Main.storyboard */,
				E335995D1CA80EDF001A3C8D /* MainTabBarController.swift */,
			);
			path = MainTabbar;
			sourceTree = "<group>";
		};
		E33599641CA8327B001A3C8D /* Authorization */ = {
			isa = PBXGroup;
			children = (
				E33599671CA832D4001A3C8D /* AuthorazationViewController.swift */,
				E33599651CA8329F001A3C8D /* Authorization.storyboard */,
			);
			path = Authorization;
			sourceTree = "<group>";
		};
		E35181141CC38C54008B141D /* Cell */ = {
			isa = PBXGroup;
			children = (
				E35181151CC39FB2008B141D /* SettingTableViewCell.swift */,
				E35181161CC39FB2008B141D /* SettingTableViewCell.xib */,
			);
			path = Cell;
			sourceTree = "<group>";
		};
		E35ECB051CBA18BB009EC020 /* fonts */ = {
			isa = PBXGroup;
			children = (
				E3A9A8F71CBA222D0031FBAE /* Lato-Regular.ttf */,
			);
			path = fonts;
			sourceTree = "<group>";
		};
		E37402C71CBD43CA00E4659B /* Preview */ = {
			isa = PBXGroup;
			children = (
				E3CDD42B1CF2B89400820704 /* emojify.min.css */,
				E3CDD42C1CF2B89400820704 /* emojify.min.js */,
				E37402CA1CBD446A00E4659B /* Preview.storyboard */,
				E37402C81CBD445D00E4659B /* PreviewViewController.swift */,
				E354608A1CBEC1DD00BE7952 /* github-markdown.css */,
				E35460891CBEC1DD00BE7952 /* marked.js */,
				E35460861CBE97EF00BE7952 /* md.html */,
			);
			path = Preview;
			sourceTree = "<group>";
		};
		E38A0F681CA7D74900ED99B6 /* Resources */ = {
			isa = PBXGroup;
			children = (
				E35ECB051CBA18BB009EC020 /* fonts */,
				E3D9A5AD1CA7D29B00B43F37 /* Assets.xcassets */,
				E3D166861CD7CBCF0062480C /* Constants.swift */,
				E3D9A5B21CA7D29B00B43F37 /* Info.plist */,
				E3D9A5AF1CA7D29B00B43F37 /* LaunchScreen.storyboard */,
				E3D166931CD9C8500062480C /* Pods-acknowledgements.plist */,
			);
			path = Resources;
			sourceTree = "<group>";
		};
		E3AA87BD1CCCD45800195E69 /* Profile */ = {
			isa = PBXGroup;
			children = (
				E3AA87BE1CCCD46700195E69 /* Profile.storyboard */,
				E3AA87C01CCCD4A700195E69 /* ProfileViewController.swift */,
			);
			path = Profile;
			sourceTree = "<group>";
		};
		E3D0C1551CBFD85B006A48EA /* Editor */ = {
			isa = PBXGroup;
			children = (
				E3D0C1581CBFD891006A48EA /* Editor.storyboard */,
				E3D0C1561CBFD880006A48EA /* EditorViewController.swift */,
			);
			path = Editor;
			sourceTree = "<group>";
		};
		E3D0C1701CC36259006A48EA /* Cell */ = {
			isa = PBXGroup;
			children = (
				E3D0C1711CC362B5006A48EA /* MemberTableViewCell.swift */,
				E3D0C1721CC362B5006A48EA /* MemberTableViewCell.xib */,
			);
			path = Cell;
			sourceTree = "<group>";
		};
		E3D9A59A1CA7D29A00B43F37 = {
			isa = PBXGroup;
			children = (
				59FF84DB7AFB7CD5DB0B384F /* Frameworks */,
				246B248D3EBDDD3821825230 /* Pods */,
				E3D9A5A41CA7D29A00B43F37 /* Products */,
				E3D9A5A51CA7D29B00B43F37 /* pi-chan */,
				E3D9A5BA1CA7D29B00B43F37 /* pi-chanTests */,
				E3D9A5C51CA7D29B00B43F37 /* pi-chanUITests */,
			);
			sourceTree = "<group>";
		};
		E3D9A5A41CA7D29A00B43F37 /* Products */ = {
			isa = PBXGroup;
			children = (
				E3D9A5A31CA7D29A00B43F37 /* pi-chan.app */,
				E3D9A5B71CA7D29B00B43F37 /* pi-chanTests.xctest */,
				E3D9A5C21CA7D29B00B43F37 /* pi-chanUITests.xctest */,
			);
			name = Products;
			sourceTree = "<group>";
		};
		E3D9A5A51CA7D29B00B43F37 /* pi-chan */ = {
			isa = PBXGroup;
			children = (
				E3D9A5D81CA7D6C700B43F37 /* Apis */,
				E3D9A5D51CA7D63800B43F37 /* Extensions */,
				E3D9A5D41CA7D54300B43F37 /* Models */,
				E38A0F681CA7D74900ED99B6 /* Resources */,
				E33599451CA7E363001A3C8D /* Utils */,
				E3D9A5D71CA7D6B600B43F37 /* ViewControllers */,
				E3D9A5D61CA7D67400B43F37 /* Views */,
				E3D9A5A61CA7D29B00B43F37 /* AppDelegate.swift */,
			);
			path = "pi-chan";
			sourceTree = "<group>";
		};
		E3D9A5BA1CA7D29B00B43F37 /* pi-chanTests */ = {
			isa = PBXGroup;
			children = (
				E3D9A5BD1CA7D29B00B43F37 /* Info.plist */,
				E3D9A5BB1CA7D29B00B43F37 /* pi_chanTests.swift */,
			);
			path = "pi-chanTests";
			sourceTree = "<group>";
		};
		E3D9A5C51CA7D29B00B43F37 /* pi-chanUITests */ = {
			isa = PBXGroup;
			children = (
				E3D9A5C81CA7D29B00B43F37 /* Info.plist */,
				E3D9A5C61CA7D29B00B43F37 /* pi_chanUITests.swift */,
			);
			path = "pi-chanUITests";
			sourceTree = "<group>";
		};
		E3D9A5D41CA7D54300B43F37 /* Models */ = {
			isa = PBXGroup;
			children = (
				E335997D1CB2CC23001A3C8D /* CreatedBy.swift */,
				E3D0C16E1CC359B1006A48EA /* Member.swift */,
				E328ADC31CF5F6BF0080B354 /* Delete.swift */,
				E3D0C16C1CC359AB006A48EA /* Members.swift */,
				E33599791CB2C956001A3C8D /* Post.swift */,
				E33599811CB2D2D0001A3C8D /* Posts.swift */,
				E3D0C1641CC14F17006A48EA /* PostsParameters.swift */,
				E3D166821CD616BC0062480C /* Revoke.swift */,
				E3D0C15E1CC1114E006A48EA /* SharingUrls.swift */,
				E38A0F691CA7D95200ED99B6 /* Team.swift */,
				E335997B1CB2CA75001A3C8D /* Teams.swift */,
				E335997F1CB2CC2E001A3C8D /* UpdatedBy.swift */,
				E3C638E11CD129F2000C5CC9 /* User.swift */,
			);
			path = Models;
			sourceTree = "<group>";
		};
		E3D9A5D51CA7D63800B43F37 /* Extensions */ = {
			isa = PBXGroup;
			children = (
				E3D166991CD9FE1A0062480C /* Crashlytics+Extension.swift */,
				E33599731CB15E48001A3C8D /* Decodable+Extension.swift */,
				E3D166951CD9DA320062480C /* JLToast+Extension.swift */,
				E38A0F6D1CA7DE6700ED99B6 /* Storyboard+Extension.swift */,
				E3D0C1661CC236D4006A48EA /* String+Extension.swift */,
				E33412B91CB4074D00F455BE /* UIColor+DynamicColor+Extension.swift */,
				E3D0C1751CC3657B006A48EA /* UIImageView+Extension.swift */,
				E33412C41CB8B5E000F455BE /* UIScrollView+Extension.swift */,
				E328ADC11CF5D9730080B354 /* UIImage+Extension.swift */,
			);
			path = Extensions;
			sourceTree = "<group>";
		};
		E3D9A5D61CA7D67400B43F37 /* Views */ = {
			isa = PBXGroup;
			children = (
			);
			path = Views;
			sourceTree = "<group>";
		};
		E3D9A5D71CA7D6B600B43F37 /* ViewControllers */ = {
			isa = PBXGroup;
			children = (
				E33599641CA8327B001A3C8D /* Authorization */,
				E3D0C1551CBFD85B006A48EA /* Editor */,
				E335995C1CA80E9B001A3C8D /* MainTabbar */,
				E335994E1CA801A1001A3C8D /* Members */,
				E335994C1CA8017D001A3C8D /* Posts */,
				E37402C71CBD43CA00E4659B /* Preview */,
				E3AA87BD1CCCD45800195E69 /* Profile */,
				E335994D1CA80189001A3C8D /* Settings */,
			);
			path = ViewControllers;
			sourceTree = "<group>";
		};
		E3D9A5D81CA7D6C700B43F37 /* Apis */ = {
			isa = PBXGroup;
			children = (
				E30B0E641CCBBF2F0088D43A /* Authorization.sample.swift */,
				E30B0E621CCBBE490088D43A /* Authorization.swift */,
				E38A0F6B1CA7DDF900ED99B6 /* Esa.swift */,
				E3D0C16A1CC35959006A48EA /* GET_Members.swift */,
				E33599771CB2C148001A3C8D /* GET_Post.swift */,
				E33599751CB2B706001A3C8D /* GET_Posts.swift */,
				E33599711CB030CC001A3C8D /* GET_Team.swift */,
				E335996F1CAAF218001A3C8D /* GET_Teams.swift */,
				E3C638DF1CD129CB000C5CC9 /* GET_User.swift */,
				E3D0C1621CC12900006A48EA /* PATCH_Posts.swift */,
				E3D0C1601CC1186D006A48EA /* POST_Posts.swift */,
				E328ADBF1CF5C9940080B354 /* DELETE_Posts.swift */,
				E3D166801CD6166F0062480C /* POST_Revoke.swift */,
			);
			path = Apis;
			sourceTree = "<group>";
		};
/* End PBXGroup section */

/* Begin PBXNativeTarget section */
		E3D9A5A21CA7D29A00B43F37 /* pi-chan */ = {
			isa = PBXNativeTarget;
			buildConfigurationList = E3D9A5CB1CA7D29B00B43F37 /* Build configuration list for PBXNativeTarget "pi-chan" */;
			buildPhases = (
				C9FF2175170871EE40358EF0 /* Check Pods Manifest.lock */,
				E3D9A59F1CA7D29A00B43F37 /* Sources */,
				E3D9A5A01CA7D29A00B43F37 /* Frameworks */,
				E3D9A5A11CA7D29A00B43F37 /* Resources */,
				0C5C3A9560D4A8A5EB04948B /* Embed Pods Frameworks */,
				5D693F909068C2493458ADB9 /* Copy Pods Resources */,
				E3D1668A1CD7FCD50062480C /* ShellScript */,
			);
			buildRules = (
			);
			dependencies = (
			);
			name = "pi-chan";
			productName = "pi-chan";
			productReference = E3D9A5A31CA7D29A00B43F37 /* pi-chan.app */;
			productType = "com.apple.product-type.application";
		};
		E3D9A5B61CA7D29B00B43F37 /* pi-chanTests */ = {
			isa = PBXNativeTarget;
			buildConfigurationList = E3D9A5CE1CA7D29B00B43F37 /* Build configuration list for PBXNativeTarget "pi-chanTests" */;
			buildPhases = (
				E3D9A5B31CA7D29B00B43F37 /* Sources */,
				E3D9A5B41CA7D29B00B43F37 /* Frameworks */,
				E3D9A5B51CA7D29B00B43F37 /* Resources */,
			);
			buildRules = (
			);
			dependencies = (
				E3D9A5B91CA7D29B00B43F37 /* PBXTargetDependency */,
			);
			name = "pi-chanTests";
			productName = "pi-chanTests";
			productReference = E3D9A5B71CA7D29B00B43F37 /* pi-chanTests.xctest */;
			productType = "com.apple.product-type.bundle.unit-test";
		};
		E3D9A5C11CA7D29B00B43F37 /* pi-chanUITests */ = {
			isa = PBXNativeTarget;
			buildConfigurationList = E3D9A5D11CA7D29B00B43F37 /* Build configuration list for PBXNativeTarget "pi-chanUITests" */;
			buildPhases = (
				E3D9A5BE1CA7D29B00B43F37 /* Sources */,
				E3D9A5BF1CA7D29B00B43F37 /* Frameworks */,
				E3D9A5C01CA7D29B00B43F37 /* Resources */,
			);
			buildRules = (
			);
			dependencies = (
				E3D9A5C41CA7D29B00B43F37 /* PBXTargetDependency */,
			);
			name = "pi-chanUITests";
			productName = "pi-chanUITests";
			productReference = E3D9A5C21CA7D29B00B43F37 /* pi-chanUITests.xctest */;
			productType = "com.apple.product-type.bundle.ui-testing";
		};
/* End PBXNativeTarget section */

/* Begin PBXProject section */
		E3D9A59B1CA7D29A00B43F37 /* Project object */ = {
			isa = PBXProject;
			attributes = {
				LastSwiftUpdateCheck = 0730;
				LastUpgradeCheck = 0730;
				ORGANIZATIONNAME = star__hoshi;
				TargetAttributes = {
					E3D9A5A21CA7D29A00B43F37 = {
						CreatedOnToolsVersion = 7.3;
						DevelopmentTeam = 5J5Q4ZGXZR;
					};
					E3D9A5B61CA7D29B00B43F37 = {
						CreatedOnToolsVersion = 7.3;
						TestTargetID = E3D9A5A21CA7D29A00B43F37;
					};
					E3D9A5C11CA7D29B00B43F37 = {
						CreatedOnToolsVersion = 7.3;
						TestTargetID = E3D9A5A21CA7D29A00B43F37;
					};
				};
			};
			buildConfigurationList = E3D9A59E1CA7D29A00B43F37 /* Build configuration list for PBXProject "pi-chan" */;
			compatibilityVersion = "Xcode 3.2";
			developmentRegion = English;
			hasScannedForEncodings = 0;
			knownRegions = (
				en,
				Base,
			);
			mainGroup = E3D9A59A1CA7D29A00B43F37;
			productRefGroup = E3D9A5A41CA7D29A00B43F37 /* Products */;
			projectDirPath = "";
			projectRoot = "";
			targets = (
				E3D9A5A21CA7D29A00B43F37 /* pi-chan */,
				E3D9A5B61CA7D29B00B43F37 /* pi-chanTests */,
				E3D9A5C11CA7D29B00B43F37 /* pi-chanUITests */,
			);
		};
/* End PBXProject section */

/* Begin PBXResourcesBuildPhase section */
		E3D9A5A11CA7D29A00B43F37 /* Resources */ = {
			isa = PBXResourcesBuildPhase;
			buildActionMask = 2147483647;
			files = (
				E3D166941CD9C8500062480C /* Pods-acknowledgements.plist in Resources */,
				E3D0C1591CBFD891006A48EA /* Editor.storyboard in Resources */,
				E3CDD42E1CF2B89400820704 /* emojify.min.js in Resources */,
				E33412C11CB4288500F455BE /* PostTableViewCell.xib in Resources */,
				E3D0C1741CC362B5006A48EA /* MemberTableViewCell.xib in Resources */,
				E3D9A5B11CA7D29B00B43F37 /* LaunchScreen.storyboard in Resources */,
				E35181181CC39FB2008B141D /* SettingTableViewCell.xib in Resources */,
				E354608B1CBEC1DD00BE7952 /* marked.js in Resources */,
				E3CDD42D1CF2B89400820704 /* emojify.min.css in Resources */,
				E354608C1CBEC1DD00BE7952 /* github-markdown.css in Resources */,
				E3D9A5AE1CA7D29B00B43F37 /* Assets.xcassets in Resources */,
				E33599571CA80331001A3C8D /* Members.storyboard in Resources */,
				E3D9A5AC1CA7D29B00B43F37 /* Main.storyboard in Resources */,
				E35460871CBE97EF00BE7952 /* md.html in Resources */,
				E335994A1CA7E5DA001A3C8D /* Posts.storyboard in Resources */,
				E33599591CA80385001A3C8D /* Settings.storyboard in Resources */,
				E3AA87BF1CCCD46700195E69 /* Profile.storyboard in Resources */,
				E33599661CA8329F001A3C8D /* Authorization.storyboard in Resources */,
				E3A9A8F81CBA222D0031FBAE /* Lato-Regular.ttf in Resources */,
				E37402CB1CBD446A00E4659B /* Preview.storyboard in Resources */,
			);
			runOnlyForDeploymentPostprocessing = 0;
		};
		E3D9A5B51CA7D29B00B43F37 /* Resources */ = {
			isa = PBXResourcesBuildPhase;
			buildActionMask = 2147483647;
			files = (
			);
			runOnlyForDeploymentPostprocessing = 0;
		};
		E3D9A5C01CA7D29B00B43F37 /* Resources */ = {
			isa = PBXResourcesBuildPhase;
			buildActionMask = 2147483647;
			files = (
			);
			runOnlyForDeploymentPostprocessing = 0;
		};
/* End PBXResourcesBuildPhase section */

/* Begin PBXShellScriptBuildPhase section */
		0C5C3A9560D4A8A5EB04948B /* Embed Pods Frameworks */ = {
			isa = PBXShellScriptBuildPhase;
			buildActionMask = 2147483647;
			files = (
			);
			inputPaths = (
			);
			name = "Embed Pods Frameworks";
			outputPaths = (
			);
			runOnlyForDeploymentPostprocessing = 0;
			shellPath = /bin/sh;
			shellScript = "\"${SRCROOT}/Pods/Target Support Files/Pods-pi-chan/Pods-pi-chan-frameworks.sh\"\n";
			showEnvVarsInLog = 0;
		};
		5D693F909068C2493458ADB9 /* Copy Pods Resources */ = {
			isa = PBXShellScriptBuildPhase;
			buildActionMask = 2147483647;
			files = (
			);
			inputPaths = (
			);
			name = "Copy Pods Resources";
			outputPaths = (
			);
			runOnlyForDeploymentPostprocessing = 0;
			shellPath = /bin/sh;
			shellScript = "\"${SRCROOT}/Pods/Target Support Files/Pods-pi-chan/Pods-pi-chan-resources.sh\"\n";
			showEnvVarsInLog = 0;
		};
		C9FF2175170871EE40358EF0 /* Check Pods Manifest.lock */ = {
			isa = PBXShellScriptBuildPhase;
			buildActionMask = 2147483647;
			files = (
			);
			inputPaths = (
			);
			name = "Check Pods Manifest.lock";
			outputPaths = (
			);
			runOnlyForDeploymentPostprocessing = 0;
			shellPath = /bin/sh;
			shellScript = "diff \"${PODS_ROOT}/../Podfile.lock\" \"${PODS_ROOT}/Manifest.lock\" > /dev/null\nif [[ $? != 0 ]] ; then\n    cat << EOM\nerror: The sandbox is not in sync with the Podfile.lock. Run 'pod install' or update your CocoaPods installation.\nEOM\n    exit 1\nfi\n";
			showEnvVarsInLog = 0;
		};
		E3D1668A1CD7FCD50062480C /* ShellScript */ = {
			isa = PBXShellScriptBuildPhase;
			buildActionMask = 2147483647;
			files = (
			);
			inputPaths = (
			);
			outputPaths = (
			);
			runOnlyForDeploymentPostprocessing = 0;
			shellPath = /bin/sh;
			shellScript = "\"${PODS_ROOT}/Fabric/run\" b2c884fd1c5331b63cbc72ec3177379023c8fca4 f65f295f92930560373d8163109fe0339fe43807726ed9b93d4c92023a44a88e";
		};
/* End PBXShellScriptBuildPhase section */

/* Begin PBXSourcesBuildPhase section */
		E3D9A59F1CA7D29A00B43F37 /* Sources */ = {
			isa = PBXSourcesBuildPhase;
			buildActionMask = 2147483647;
			files = (
				E3D166981CD9E0B20062480C /* ErrorHandler.swift in Sources */,
				E33412BC1CB40CF500F455BE /* View.swift in Sources */,
				E335997C1CB2CA75001A3C8D /* Teams.swift in Sources */,
				E3D166851CD7CB1E0062480C /* Share.swift in Sources */,
				E335997E1CB2CC23001A3C8D /* CreatedBy.swift in Sources */,
				E3D166831CD616BC0062480C /* Revoke.swift in Sources */,
				E33599681CA832D4001A3C8D /* AuthorazationViewController.swift in Sources */,
				E33599471CA7E373001A3C8D /* Logger.swift in Sources */,
				E335996A1CA83680001A3C8D /* UpdateChecker.swift in Sources */,
				E3AA87C11CCCD4A700195E69 /* ProfileViewController.swift in Sources */,
				E37402C91CBD445D00E4659B /* PreviewViewController.swift in Sources */,
				E3D0C15D1CBFDE98006A48EA /* Window.swift in Sources */,
				E33599701CAAF218001A3C8D /* GET_Teams.swift in Sources */,
				E3D0C16B1CC35959006A48EA /* GET_Members.swift in Sources */,
				E33412C51CB8B5E000F455BE /* UIScrollView+Extension.swift in Sources */,
				E3D166811CD6166F0062480C /* POST_Revoke.swift in Sources */,
				E3D0C15F1CC1114E006A48EA /* SharingUrls.swift in Sources */,
				E3C638E01CD129CB000C5CC9 /* GET_User.swift in Sources */,
				E3D0C1611CC1186D006A48EA /* POST_Posts.swift in Sources */,
				E38A0F6E1CA7DE6700ED99B6 /* Storyboard+Extension.swift in Sources */,
				E33599821CB2D2D0001A3C8D /* Posts.swift in Sources */,
				E328ADC01CF5C9940080B354 /* DELETE_Posts.swift in Sources */,
				E33599761CB2B706001A3C8D /* GET_Posts.swift in Sources */,
				E351811A1CC3A8DD008B141D /* CellConfigrations.swift in Sources */,
				E33412BA1CB4074D00F455BE /* UIColor+DynamicColor+Extension.swift in Sources */,
				E30B0E651CCBBF2F0088D43A /* Authorization.sample.swift in Sources */,
				E3D0C1631CC12900006A48EA /* PATCH_Posts.swift in Sources */,
				E3D1669C1CDA20370062480C /* Global.swift in Sources */,
				E3D166871CD7CBCF0062480C /* Constants.swift in Sources */,
				E3C638E21CD129F2000C5CC9 /* User.swift in Sources */,
				E3D0C1571CBFD880006A48EA /* EditorViewController.swift in Sources */,
				E3D0C1731CC362B5006A48EA /* MemberTableViewCell.swift in Sources */,
				E30B0E631CCBBE490088D43A /* Authorization.swift in Sources */,
				E335995E1CA80EDF001A3C8D /* MainTabBarController.swift in Sources */,
				E38A0F6C1CA7DDF900ED99B6 /* Esa.swift in Sources */,
				E3D0C16F1CC359B1006A48EA /* Member.swift in Sources */,
				E328ADC41CF5F6BF0080B354 /* Delete.swift in Sources */,
				E35181171CC39FB2008B141D /* SettingTableViewCell.swift in Sources */,
				E335994B1CA7E5DA001A3C8D /* PostsViewController.swift in Sources */,
				E335996C1CA9A681001A3C8D /* KeychainManager.swift in Sources */,
				E33599551CA80325001A3C8D /* MembersViewController.swift in Sources */,
				E3D0C1761CC3657B006A48EA /* UIImageView+Extension.swift in Sources */,
				E33599801CB2CC2E001A3C8D /* UpdatedBy.swift in Sources */,
				E33599721CB030CC001A3C8D /* GET_Team.swift in Sources */,
				E328ADC21CF5D9730080B354 /* UIImage+Extension.swift in Sources */,
				E33599741CB15E48001A3C8D /* Decodable+Extension.swift in Sources */,
				E3D0C16D1CC359AB006A48EA /* Members.swift in Sources */,
				E3D0C1671CC236D4006A48EA /* String+Extension.swift in Sources */,
				E33599781CB2C148001A3C8D /* GET_Post.swift in Sources */,
				E3D0C1651CC14F17006A48EA /* PostsParameters.swift in Sources */,
				E3D9A5A71CA7D29B00B43F37 /* AppDelegate.swift in Sources */,
				E3D166961CD9DA320062480C /* JLToast+Extension.swift in Sources */,
				E38A0F6A1CA7D95200ED99B6 /* Team.swift in Sources */,
				E335995B1CA80392001A3C8D /* SettingsViewController.swift in Sources */,
				E335997A1CB2C956001A3C8D /* Post.swift in Sources */,
				E33412C01CB4288500F455BE /* PostTableViewCell.swift in Sources */,
				E3D1669A1CD9FE1A0062480C /* Crashlytics+Extension.swift in Sources */,
			);
			runOnlyForDeploymentPostprocessing = 0;
		};
		E3D9A5B31CA7D29B00B43F37 /* Sources */ = {
			isa = PBXSourcesBuildPhase;
			buildActionMask = 2147483647;
			files = (
				E3D9A5BC1CA7D29B00B43F37 /* pi_chanTests.swift in Sources */,
			);
			runOnlyForDeploymentPostprocessing = 0;
		};
		E3D9A5BE1CA7D29B00B43F37 /* Sources */ = {
			isa = PBXSourcesBuildPhase;
			buildActionMask = 2147483647;
			files = (
				E3D9A5C71CA7D29B00B43F37 /* pi_chanUITests.swift in Sources */,
			);
			runOnlyForDeploymentPostprocessing = 0;
		};
/* End PBXSourcesBuildPhase section */

/* Begin PBXTargetDependency section */
		E3D9A5B91CA7D29B00B43F37 /* PBXTargetDependency */ = {
			isa = PBXTargetDependency;
			target = E3D9A5A21CA7D29A00B43F37 /* pi-chan */;
			targetProxy = E3D9A5B81CA7D29B00B43F37 /* PBXContainerItemProxy */;
		};
		E3D9A5C41CA7D29B00B43F37 /* PBXTargetDependency */ = {
			isa = PBXTargetDependency;
			target = E3D9A5A21CA7D29A00B43F37 /* pi-chan */;
			targetProxy = E3D9A5C31CA7D29B00B43F37 /* PBXContainerItemProxy */;
		};
/* End PBXTargetDependency section */

/* Begin PBXVariantGroup section */
		E3D9A5AA1CA7D29B00B43F37 /* Main.storyboard */ = {
			isa = PBXVariantGroup;
			children = (
				E3D9A5AB1CA7D29B00B43F37 /* Base */,
			);
			name = Main.storyboard;
			path = .;
			sourceTree = "<group>";
		};
		E3D9A5AF1CA7D29B00B43F37 /* LaunchScreen.storyboard */ = {
			isa = PBXVariantGroup;
			children = (
				E3D9A5B01CA7D29B00B43F37 /* Base */,
			);
			name = LaunchScreen.storyboard;
			path = .;
			sourceTree = "<group>";
		};
/* End PBXVariantGroup section */

/* Begin XCBuildConfiguration section */
		E3D9A5C91CA7D29B00B43F37 /* Debug */ = {
			isa = XCBuildConfiguration;
			buildSettings = {
				ALWAYS_SEARCH_USER_PATHS = NO;
				CLANG_ANALYZER_NONNULL = YES;
				CLANG_CXX_LANGUAGE_STANDARD = "gnu++0x";
				CLANG_CXX_LIBRARY = "libc++";
				CLANG_ENABLE_MODULES = YES;
				CLANG_ENABLE_OBJC_ARC = YES;
				CLANG_WARN_BOOL_CONVERSION = YES;
				CLANG_WARN_CONSTANT_CONVERSION = YES;
				CLANG_WARN_DIRECT_OBJC_ISA_USAGE = YES_ERROR;
				CLANG_WARN_EMPTY_BODY = YES;
				CLANG_WARN_ENUM_CONVERSION = YES;
				CLANG_WARN_INT_CONVERSION = YES;
				CLANG_WARN_OBJC_ROOT_CLASS = YES_ERROR;
				CLANG_WARN_UNREACHABLE_CODE = YES;
				CLANG_WARN__DUPLICATE_METHOD_MATCH = YES;
				"CODE_SIGN_IDENTITY[sdk=iphoneos*]" = "iPhone Developer";
				COPY_PHASE_STRIP = NO;
				DEBUG_INFORMATION_FORMAT = dwarf;
				ENABLE_STRICT_OBJC_MSGSEND = YES;
				ENABLE_TESTABILITY = YES;
				GCC_C_LANGUAGE_STANDARD = gnu99;
				GCC_DYNAMIC_NO_PIC = NO;
				GCC_NO_COMMON_BLOCKS = YES;
				GCC_OPTIMIZATION_LEVEL = 0;
				GCC_PREPROCESSOR_DEFINITIONS = (
					"DEBUG=1",
					"$(inherited)",
				);
				GCC_WARN_64_TO_32_BIT_CONVERSION = YES;
				GCC_WARN_ABOUT_RETURN_TYPE = YES_ERROR;
				GCC_WARN_UNDECLARED_SELECTOR = YES;
				GCC_WARN_UNINITIALIZED_AUTOS = YES_AGGRESSIVE;
				GCC_WARN_UNUSED_FUNCTION = YES;
				GCC_WARN_UNUSED_VARIABLE = YES;
				IPHONEOS_DEPLOYMENT_TARGET = 9.3;
				MTL_ENABLE_DEBUG_INFO = YES;
				ONLY_ACTIVE_ARCH = YES;
				OTHER_SWIFT_FLAGS = "-D DEBUG";
				SDKROOT = iphoneos;
				SWIFT_OPTIMIZATION_LEVEL = "-Onone";
			};
			name = Debug;
		};
		E3D9A5CA1CA7D29B00B43F37 /* Release */ = {
			isa = XCBuildConfiguration;
			buildSettings = {
				ALWAYS_SEARCH_USER_PATHS = NO;
				CLANG_ANALYZER_NONNULL = YES;
				CLANG_CXX_LANGUAGE_STANDARD = "gnu++0x";
				CLANG_CXX_LIBRARY = "libc++";
				CLANG_ENABLE_MODULES = YES;
				CLANG_ENABLE_OBJC_ARC = YES;
				CLANG_WARN_BOOL_CONVERSION = YES;
				CLANG_WARN_CONSTANT_CONVERSION = YES;
				CLANG_WARN_DIRECT_OBJC_ISA_USAGE = YES_ERROR;
				CLANG_WARN_EMPTY_BODY = YES;
				CLANG_WARN_ENUM_CONVERSION = YES;
				CLANG_WARN_INT_CONVERSION = YES;
				CLANG_WARN_OBJC_ROOT_CLASS = YES_ERROR;
				CLANG_WARN_UNREACHABLE_CODE = YES;
				CLANG_WARN__DUPLICATE_METHOD_MATCH = YES;
				"CODE_SIGN_IDENTITY[sdk=iphoneos*]" = "iPhone Distribution";
				COPY_PHASE_STRIP = NO;
				DEBUG_INFORMATION_FORMAT = "dwarf-with-dsym";
				ENABLE_NS_ASSERTIONS = NO;
				ENABLE_STRICT_OBJC_MSGSEND = YES;
				GCC_C_LANGUAGE_STANDARD = gnu99;
				GCC_NO_COMMON_BLOCKS = YES;
				GCC_WARN_64_TO_32_BIT_CONVERSION = YES;
				GCC_WARN_ABOUT_RETURN_TYPE = YES_ERROR;
				GCC_WARN_UNDECLARED_SELECTOR = YES;
				GCC_WARN_UNINITIALIZED_AUTOS = YES_AGGRESSIVE;
				GCC_WARN_UNUSED_FUNCTION = YES;
				GCC_WARN_UNUSED_VARIABLE = YES;
				IPHONEOS_DEPLOYMENT_TARGET = 9.3;
				MTL_ENABLE_DEBUG_INFO = NO;
				SDKROOT = iphoneos;
				VALIDATE_PRODUCT = YES;
			};
			name = Release;
		};
		E3D9A5CC1CA7D29B00B43F37 /* Debug */ = {
			isa = XCBuildConfiguration;
			baseConfigurationReference = D42D9F7198932C8E74FC4FDD /* Pods-pi-chan.debug.xcconfig */;
			buildSettings = {
				ASSETCATALOG_COMPILER_APPICON_NAME = AppIcon;
				CODE_SIGN_IDENTITY = "iPhone Developer";
				"CODE_SIGN_IDENTITY[sdk=iphoneos*]" = "iPhone Developer";
				INFOPLIST_FILE = "pi-chan/Resources/Info.plist";
				LD_RUNPATH_SEARCH_PATHS = "$(inherited) @executable_path/Frameworks";
				PRODUCT_BUNDLE_IDENTIFIER = com.starhoshi.pichan;
				PRODUCT_NAME = "$(TARGET_NAME)";
				PROVISIONING_PROFILE = "";
			};
			name = Debug;
		};
		E3D9A5CD1CA7D29B00B43F37 /* Release */ = {
			isa = XCBuildConfiguration;
			baseConfigurationReference = 65469B0622BBDBBE099147FC /* Pods-pi-chan.release.xcconfig */;
			buildSettings = {
				ASSETCATALOG_COMPILER_APPICON_NAME = AppIcon;
				CODE_SIGN_IDENTITY = "iPhone Developer";
				"CODE_SIGN_IDENTITY[sdk=iphoneos*]" = "iPhone Developer";
				INFOPLIST_FILE = "pi-chan/Resources/Info.plist";
				LD_RUNPATH_SEARCH_PATHS = "$(inherited) @executable_path/Frameworks";
				PRODUCT_BUNDLE_IDENTIFIER = com.starhoshi.pichan;
				PRODUCT_NAME = "$(TARGET_NAME)";
				PROVISIONING_PROFILE = "";
			};
			name = Release;
		};
		E3D9A5CF1CA7D29B00B43F37 /* Debug */ = {
			isa = XCBuildConfiguration;
			buildSettings = {
				BUNDLE_LOADER = "$(TEST_HOST)";
				INFOPLIST_FILE = "pi-chanTests/Info.plist";
				LD_RUNPATH_SEARCH_PATHS = "$(inherited) @executable_path/Frameworks @loader_path/Frameworks";
				PRODUCT_BUNDLE_IDENTIFIER = "com.starhoshi.pi-chanTests";
				PRODUCT_NAME = "$(TARGET_NAME)";
				TEST_HOST = "$(BUILT_PRODUCTS_DIR)/pi-chan.app/pi-chan";
			};
			name = Debug;
		};
		E3D9A5D01CA7D29B00B43F37 /* Release */ = {
			isa = XCBuildConfiguration;
			buildSettings = {
				BUNDLE_LOADER = "$(TEST_HOST)";
				INFOPLIST_FILE = "pi-chanTests/Info.plist";
				LD_RUNPATH_SEARCH_PATHS = "$(inherited) @executable_path/Frameworks @loader_path/Frameworks";
				PRODUCT_BUNDLE_IDENTIFIER = "com.starhoshi.pi-chanTests";
				PRODUCT_NAME = "$(TARGET_NAME)";
				TEST_HOST = "$(BUILT_PRODUCTS_DIR)/pi-chan.app/pi-chan";
			};
			name = Release;
		};
		E3D9A5D21CA7D29B00B43F37 /* Debug */ = {
			isa = XCBuildConfiguration;
			buildSettings = {
				INFOPLIST_FILE = "pi-chanUITests/Info.plist";
				LD_RUNPATH_SEARCH_PATHS = "$(inherited) @executable_path/Frameworks @loader_path/Frameworks";
				PRODUCT_BUNDLE_IDENTIFIER = "com.starhoshi.pi-chanUITests";
				PRODUCT_NAME = "$(TARGET_NAME)";
				TEST_TARGET_NAME = "pi-chan";
			};
			name = Debug;
		};
		E3D9A5D31CA7D29B00B43F37 /* Release */ = {
			isa = XCBuildConfiguration;
			buildSettings = {
				INFOPLIST_FILE = "pi-chanUITests/Info.plist";
				LD_RUNPATH_SEARCH_PATHS = "$(inherited) @executable_path/Frameworks @loader_path/Frameworks";
				PRODUCT_BUNDLE_IDENTIFIER = "com.starhoshi.pi-chanUITests";
				PRODUCT_NAME = "$(TARGET_NAME)";
				TEST_TARGET_NAME = "pi-chan";
			};
			name = Release;
		};
/* End XCBuildConfiguration section */

/* Begin XCConfigurationList section */
		E3D9A59E1CA7D29A00B43F37 /* Build configuration list for PBXProject "pi-chan" */ = {
			isa = XCConfigurationList;
			buildConfigurations = (
				E3D9A5C91CA7D29B00B43F37 /* Debug */,
				E3D9A5CA1CA7D29B00B43F37 /* Release */,
			);
			defaultConfigurationIsVisible = 0;
			defaultConfigurationName = Release;
		};
		E3D9A5CB1CA7D29B00B43F37 /* Build configuration list for PBXNativeTarget "pi-chan" */ = {
			isa = XCConfigurationList;
			buildConfigurations = (
				E3D9A5CC1CA7D29B00B43F37 /* Debug */,
				E3D9A5CD1CA7D29B00B43F37 /* Release */,
			);
			defaultConfigurationIsVisible = 0;
			defaultConfigurationName = Release;
		};
		E3D9A5CE1CA7D29B00B43F37 /* Build configuration list for PBXNativeTarget "pi-chanTests" */ = {
			isa = XCConfigurationList;
			buildConfigurations = (
				E3D9A5CF1CA7D29B00B43F37 /* Debug */,
				E3D9A5D01CA7D29B00B43F37 /* Release */,
			);
			defaultConfigurationIsVisible = 0;
			defaultConfigurationName = Release;
		};
		E3D9A5D11CA7D29B00B43F37 /* Build configuration list for PBXNativeTarget "pi-chanUITests" */ = {
			isa = XCConfigurationList;
			buildConfigurations = (
				E3D9A5D21CA7D29B00B43F37 /* Debug */,
				E3D9A5D31CA7D29B00B43F37 /* Release */,
			);
			defaultConfigurationIsVisible = 0;
			defaultConfigurationName = Release;
		};
/* End XCConfigurationList section */
	};
	rootObject = E3D9A59B1CA7D29A00B43F37 /* Project object */;
}
